
Microsoft Visual Studio Solution File, Format Version 12.00
# Visual Studio Version 16
VisualStudioVersion = 16.0.32802.440
MinimumVisualStudioVersion = 10.0.40219.1
Project("{8BC9CEB8-8B4A-11D0-8D11-00A0C91BC942}") = "Lift c++", "Lift c++\Lift c++.vcxproj", "{6DE55DC3-09A3-468B-9F81-B848761898B1}"
EndProject
Global
	GlobalSection(SolutionConfigurationPlatforms) = preSolution
		Debug|x64 = Debug|x64
		Debug|x86 = Debug|x86
		Release|x64 = Release|x64
		Release|x86 = Release|x86
	EndGlobalSection
	GlobalSection(ProjectConfigurationPlatforms) = postSolution
		{6DE55DC3-09A3-468B-9F81-B848761898B1}.Debug|x64.ActiveCfg = Debug|x64
		{6DE55DC3-09A3-468B-9F81-B848761898B1}.Debug|x64.Build.0 = Debug|x64
		{6DE55DC3-09A3-468B-9F81-B848761898B1}.Debug|x86.ActiveCfg = Debug|Win32
		{6DE55DC3-09A3-468B-9F81-B848761898B1}.Debug|x86.Build.0 = Debug|Win32
		{6DE55DC3-09A3-468B-9F81-B848761898B1}.Release|x64.ActiveCfg = Release|x64
		{6DE55DC3-09A3-468B-9F81-B848761898B1}.Release|x64.Build.0 = Release|x64
		{6DE55DC3-09A3-468B-9F81-B848761898B1}.Release|x86.ActiveCfg = Release|Win32
		{6DE55DC3-09A3-468B-9F81-B848761898B1}.Release|x86.Build.0 = Release|Win32
	EndGlobalSection
	GlobalSection(SolutionProperties) = preSolution
		HideSolutionNode = FALSE
	EndGlobalSection
	GlobalSection(ExtensibilityGlobals) = postSolution
		SolutionGuid = {9F97EF95-4656-4DA4-AB1B-4C526CE1C4F5}
	EndGlobalSection
EndGlobal
